
Microsoft Visual Studio Solution File, Format Version 12.00
# Visual Studio Version 17
VisualStudioVersion = 17.10.35027.167
MinimumVisualStudioVersion = 10.0.40219.1
Project("{FAE04EC0-301F-11D3-BF4B-00C04F79EFBC}") = "Online Learning Platform", "Online Learning Platform\Online Learning Platform.csproj", "{77BA3E67-303C-410D-979F-56432886F0B2}"
EndProject
Global
	GlobalSection(SolutionConfigurationPlatforms) = preSolution
		Debug|Any CPU = Debug|Any CPU
		Release|Any CPU = Release|Any CPU
	EndGlobalSection
	GlobalSection(ProjectConfigurationPlatforms) = postSolution
		{77BA3E67-303C-410D-979F-56432886F0B2}.Debug|Any CPU.ActiveCfg = Debug|Any CPU
		{77BA3E67-303C-410D-979F-56432886F0B2}.Debug|Any CPU.Build.0 = Debug|Any CPU
		{77BA3E67-303C-410D-979F-56432886F0B2}.Release|Any CPU.ActiveCfg = Release|Any CPU
		{77BA3E67-303C-410D-979F-56432886F0B2}.Release|Any CPU.Build.0 = Release|Any CPU
	EndGlobalSection
	GlobalSection(SolutionProperties) = preSolution
		HideSolutionNode = FALSE
	EndGlobalSection
	GlobalSection(ExtensibilityGlobals) = postSolution
		SolutionGuid = {6C1D770C-9479-4A7F-A35D-392C8507F450}
	EndGlobalSection
EndGlobal
